{
    "_readme": [
        "This file locks the dependencies of your project to a known state",
        "Read more about it at https://getcomposer.org/doc/01-basic-usage.md#installing-dependencies",
        "This file is @generated automatically"
    ],
    "content-hash": "7a1f2eefe8656f27bea0204585c7ddc3",
    "packages": [
        {
            "name": "bryonbean/composer-npm-bridge",
            "version": "dev-feature/apiv2",
            "source": {
                "type": "git",
                "url": "https://github.com/bryonbean/composer-npm-bridge.git",
                "reference": "c180a67fe17533ad2cd53d66e5898b1c493a525b"
            },
            "dist": {
                "type": "zip",
                "url": "https://api.github.com/repos/bryonbean/composer-npm-bridge/zipball/c180a67fe17533ad2cd53d66e5898b1c493a525b",
                "reference": "c180a67fe17533ad2cd53d66e5898b1c493a525b",
                "shasum": ""
            },
            "require": {
                "composer-plugin-api": "^2",
                "php": ">=7.3"
            },
            "require-dev": {
                "composer/composer": "^2",
                "eloquent/phony-phpunit": "^7",
                "errors/exceptions": "^0.2",
                "phpunit/phpunit": "^9"
            },
            "type": "composer-plugin",
            "extra": {
                "class": "Eloquent\\Composer\\NpmBridge\\NpmBridgePlugin"
            },
            "autoload": {
                "psr-4": {
                    "Eloquent\\Composer\\NpmBridge\\": "src"
                }
            },
            "license": [
                "MIT"
            ],
            "authors": [
                {
                    "name": "Erin Millard",
                    "email": "ezzatron@gmail.com",
                    "homepage": "http://ezzatron.com/"
                }
            ],
            "description": "NPM integration for Composer packages.",
            "homepage": "https://github.com/eloquent/composer-npm-bridge",
            "keywords": [
                "bridge",
                "composer",
                "composer-plugin",
                "integration",
                "npm",
                "package",
                "plugin"
            ],
            "support": {
                "source": "https://github.com/bryonbean/composer-npm-bridge/tree/feature/apiv2"
            },
            "time": "2020-11-20T23:03:38+00:00"
        }
    ],
    "packages-dev": [],
    "aliases": [],
    "minimum-stability": "dev",
    "stability-flags": {
        "bryonbean/composer-npm-bridge": 20
    },
    "prefer-stable": false,
    "prefer-lowest": false,
    "platform": [],
    "platform-dev": [],
    "plugin-api-version": "2.0.0"
}
